
Microsoft Visual Studio Solution File, Format Version 12.00
# Visual Studio Version 17
VisualStudioVersion = 17.10.35013.160
MinimumVisualStudioVersion = 10.0.40219.1
Project("{8BC9CEB8-8B4A-11D0-8D11-00A0C91BC942}") = "home_work_2_8_1", "home_work_2_8_1.vcxproj", "{331E7EFC-99DB-45CC-BB1A-B1BAFEB76048}"
EndProject
Global
	GlobalSection(SolutionConfigurationPlatforms) = preSolution
		Debug|x64 = Debug|x64
		Debug|x86 = Debug|x86
		Release|x64 = Release|x64
		Release|x86 = Release|x86
	EndGlobalSection
	GlobalSection(ProjectConfigurationPlatforms) = postSolution
		{331E7EFC-99DB-45CC-BB1A-B1BAFEB76048}.Debug|x64.ActiveCfg = Debug|x64
		{331E7EFC-99DB-45CC-BB1A-B1BAFEB76048}.Debug|x64.Build.0 = Debug|x64
		{331E7EFC-99DB-45CC-BB1A-B1BAFEB76048}.Debug|x86.ActiveCfg = Debug|Win32
		{331E7EFC-99DB-45CC-BB1A-B1BAFEB76048}.Debug|x86.Build.0 = Debug|Win32
		{331E7EFC-99DB-45CC-BB1A-B1BAFEB76048}.Release|x64.ActiveCfg = Release|x64
		{331E7EFC-99DB-45CC-BB1A-B1BAFEB76048}.Release|x64.Build.0 = Release|x64
		{331E7EFC-99DB-45CC-BB1A-B1BAFEB76048}.Release|x86.ActiveCfg = Release|Win32
		{331E7EFC-99DB-45CC-BB1A-B1BAFEB76048}.Release|x86.Build.0 = Release|Win32
	EndGlobalSection
	GlobalSection(SolutionProperties) = preSolution
		HideSolutionNode = FALSE
	EndGlobalSection
	GlobalSection(ExtensibilityGlobals) = postSolution
		SolutionGuid = {792E3E17-71C6-4B15-A0E7-983B9455C9FE}
	EndGlobalSection
EndGlobal
